
Microsoft Visual Studio Solution File, Format Version 12.00
# Visual Studio Version 17
VisualStudioVersion = 17.13.35919.96 d17.13
MinimumVisualStudioVersion = 10.0.40219.1
Project("{FAE04EC0-301F-11D3-BF4B-00C04F79EFBC}") = "Sudoku Solver", "Sudoku Solver\Sudoku Solver.csproj", "{09C3AB64-FF59-47F9-96EF-419E2C9E369F}"
EndProject
Project("{2150E333-8FDC-42A3-9474-1A3956D46DE8}") = "Solution Items", "Solution Items", "{8EC462FD-D22E-90A8-E5CE-7E832BA40C5D}"
EndProject
Global
	GlobalSection(SolutionConfigurationPlatforms) = preSolution
		Debug|Any CPU = Debug|Any CPU
		Release|Any CPU = Release|Any CPU
	EndGlobalSection
	GlobalSection(ProjectConfigurationPlatforms) = postSolution
		{09C3AB64-FF59-47F9-96EF-419E2C9E369F}.Debug|Any CPU.ActiveCfg = Debug|Any CPU
		{09C3AB64-FF59-47F9-96EF-419E2C9E369F}.Debug|Any CPU.Build.0 = Debug|Any CPU
		{09C3AB64-FF59-47F9-96EF-419E2C9E369F}.Release|Any CPU.ActiveCfg = Release|Any CPU
		{09C3AB64-FF59-47F9-96EF-419E2C9E369F}.Release|Any CPU.Build.0 = Release|Any CPU
	EndGlobalSection
	GlobalSection(SolutionProperties) = preSolution
		HideSolutionNode = FALSE
	EndGlobalSection
	GlobalSection(ExtensibilityGlobals) = postSolution
		SolutionGuid = {0B83E538-FB71-4BD0-BC6F-F79810584934}
	EndGlobalSection
EndGlobal
